Microsoft Visual Studio Solution File, Format Version 12.00
# Visual Studio Version 17
VisualStudioVersion = 17.5.2.0
MinimumVisualStudioVersion = 10.0.40219.1
Project("{FAE04EC0-301F-11D3-BF4B-00C04F79EFBC}") = "SharpSim", "SharpSim\SharpSim.csproj", "{DC47D08C-E886-7F19-F701-4142116C6FC8}"
EndProject
Project("{FAE04EC0-301F-11D3-BF4B-00C04F79EFBC}") = "SharpSimDemo", "SharpSimDemo\SharpSimDemo.csproj", "{6AB343A4-3278-486B-B658-DD21D2062D23}"
EndProject
Project("{FAE04EC0-301F-11D3-BF4B-00C04F79EFBC}") = "SharpSim.Test", "SharpSim.Test\SharpSim.Test.csproj", "{28CD7B86-0215-4489-A8E9-A9B2FA8B38B6}"
EndProject
Project("{FAE04EC0-301F-11D3-BF4B-00C04F79EFBC}") = "SMT2020", "SMT2020\SMT2020.csproj", "{2FD9E81B-5520-4F9E-8C67-75B689E925C1}"
EndProject
Global
	GlobalSection(SolutionConfigurationPlatforms) = preSolution
		Debug|Any CPU = Debug|Any CPU
		Release|Any CPU = Release|Any CPU
	EndGlobalSection
	GlobalSection(ProjectConfigurationPlatforms) = postSolution
		{DC47D08C-E886-7F19-F701-4142116C6FC8}.Debug|Any CPU.ActiveCfg = Debug|Any CPU
		{DC47D08C-E886-7F19-F701-4142116C6FC8}.Debug|Any CPU.Build.0 = Debug|Any CPU
		{DC47D08C-E886-7F19-F701-4142116C6FC8}.Release|Any CPU.ActiveCfg = Release|Any CPU
		{DC47D08C-E886-7F19-F701-4142116C6FC8}.Release|Any CPU.Build.0 = Release|Any CPU
		{6AB343A4-3278-486B-B658-DD21D2062D23}.Debug|Any CPU.ActiveCfg = Debug|Any CPU
		{6AB343A4-3278-486B-B658-DD21D2062D23}.Debug|Any CPU.Build.0 = Debug|Any CPU
		{6AB343A4-3278-486B-B658-DD21D2062D23}.Release|Any CPU.ActiveCfg = Release|Any CPU
		{6AB343A4-3278-486B-B658-DD21D2062D23}.Release|Any CPU.Build.0 = Release|Any CPU
		{28CD7B86-0215-4489-A8E9-A9B2FA8B38B6}.Debug|Any CPU.ActiveCfg = Debug|Any CPU
		{28CD7B86-0215-4489-A8E9-A9B2FA8B38B6}.Debug|Any CPU.Build.0 = Debug|Any CPU
		{28CD7B86-0215-4489-A8E9-A9B2FA8B38B6}.Release|Any CPU.ActiveCfg = Release|Any CPU
		{28CD7B86-0215-4489-A8E9-A9B2FA8B38B6}.Release|Any CPU.Build.0 = Release|Any CPU
		{2FD9E81B-5520-4F9E-8C67-75B689E925C1}.Debug|Any CPU.ActiveCfg = Debug|Any CPU
		{2FD9E81B-5520-4F9E-8C67-75B689E925C1}.Debug|Any CPU.Build.0 = Debug|Any CPU
		{2FD9E81B-5520-4F9E-8C67-75B689E925C1}.Release|Any CPU.ActiveCfg = Release|Any CPU
		{2FD9E81B-5520-4F9E-8C67-75B689E925C1}.Release|Any CPU.Build.0 = Release|Any CPU
	EndGlobalSection
	GlobalSection(SolutionProperties) = preSolution
		HideSolutionNode = FALSE
	EndGlobalSection
	GlobalSection(ExtensibilityGlobals) = postSolution
		SolutionGuid = {DC4BA9A0-D4D7-4847-AC49-18E06B8611EF}
	EndGlobalSection
EndGlobal
